// !$*UTF8*$!
{
	archiveVersion = 1;
	classes = {
	};
	objectVersion = 48;
	objects = {

/* Begin PBXBuildFile section */
		1776A5EEB235C7C0402C062A /* Pods_AR_Info.framework in Frameworks */ = {isa = PBXBuildFile; fileRef = CA4DE888C580761C2F9FD242 /* Pods_AR_Info.framework */; };
		5F395CF886554EB05DCF13F5 /* Pods_AR_InfoTests.framework in Frameworks */ = {isa = PBXBuildFile; fileRef = 61F40A93F4D5FE72E31FEC10 /* Pods_AR_InfoTests.framework */; };
		71368CB11F90C71C00738CE8 /* AppDelegate.swift in Sources */ = {isa = PBXBuildFile; fileRef = 71368CB01F90C71C00738CE8 /* AppDelegate.swift */; };
		71368CB31F90C71C00738CE8 /* ViewController.swift in Sources */ = {isa = PBXBuildFile; fileRef = 71368CB21F90C71C00738CE8 /* ViewController.swift */; };
		71368CB61F90C71C00738CE8 /* Main.storyboard in Resources */ = {isa = PBXBuildFile; fileRef = 71368CB41F90C71C00738CE8 /* Main.storyboard */; };
		71368CB81F90C71C00738CE8 /* Assets.xcassets in Resources */ = {isa = PBXBuildFile; fileRef = 71368CB71F90C71C00738CE8 /* Assets.xcassets */; };
		71368CBB1F90C71C00738CE8 /* LaunchScreen.storyboard in Resources */ = {isa = PBXBuildFile; fileRef = 71368CB91F90C71C00738CE8 /* LaunchScreen.storyboard */; };
		71368CC61F90C71D00738CE8 /* AR_InfoTests.swift in Sources */ = {isa = PBXBuildFile; fileRef = 71368CC51F90C71D00738CE8 /* AR_InfoTests.swift */; };
		71368CD11F90C71D00738CE8 /* AR_InfoUITests.swift in Sources */ = {isa = PBXBuildFile; fileRef = 71368CD01F90C71D00738CE8 /* AR_InfoUITests.swift */; };
		71368CDF1F90C99000738CE8 /* AnnotationNode.swift in Sources */ = {isa = PBXBuildFile; fileRef = 71368CDE1F90C99000738CE8 /* AnnotationNode.swift */; };
		7172E21D1FD9887C0079DB5F /* DatabaseTableViewController.swift in Sources */ = {isa = PBXBuildFile; fileRef = 7172E21C1FD9887C0079DB5F /* DatabaseTableViewController.swift */; };
		718D77EA1F90F3E40087BF69 /* POI.swift in Sources */ = {isa = PBXBuildFile; fileRef = 718D77E91F90F3E40087BF69 /* POI.swift */; };
		894556D7BF10707E6178BBC8 /* Pods_AR_InfoUITests.framework in Frameworks */ = {isa = PBXBuildFile; fileRef = 52A4533B69C6D586C7865FF3 /* Pods_AR_InfoUITests.framework */; };
/* End PBXBuildFile section */

/* Begin PBXContainerItemProxy section */
		71368CC21F90C71C00738CE8 /* PBXContainerItemProxy */ = {
			isa = PBXContainerItemProxy;
			containerPortal = 71368CA51F90C71C00738CE8 /* Project object */;
			proxyType = 1;
			remoteGlobalIDString = 71368CAC1F90C71C00738CE8;
			remoteInfo = "AR-Info";
		};
		71368CCD1F90C71D00738CE8 /* PBXContainerItemProxy */ = {
			isa = PBXContainerItemProxy;
			containerPortal = 71368CA51F90C71C00738CE8 /* Project object */;
			proxyType = 1;
			remoteGlobalIDString = 71368CAC1F90C71C00738CE8;
			remoteInfo = "AR-Info";
		};
/* End PBXContainerItemProxy section */

/* Begin PBXFileReference section */
		08E478D795AB868C0C9C6882 /* Pods-AR-InfoTests.debug.xcconfig */ = {isa = PBXFileReference; includeInIndex = 1; lastKnownFileType = text.xcconfig; name = "Pods-AR-InfoTests.debug.xcconfig"; path = "Pods/Target Support Files/Pods-AR-InfoTests/Pods-AR-InfoTests.debug.xcconfig"; sourceTree = "<group>"; };
		42EC7EAA8E55027CD11C2B02 /* Pods-AR-InfoTests.release.xcconfig */ = {isa = PBXFileReference; includeInIndex = 1; lastKnownFileType = text.xcconfig; name = "Pods-AR-InfoTests.release.xcconfig"; path = "Pods/Target Support Files/Pods-AR-InfoTests/Pods-AR-InfoTests.release.xcconfig"; sourceTree = "<group>"; };
		52A4533B69C6D586C7865FF3 /* Pods_AR_InfoUITests.framework */ = {isa = PBXFileReference; explicitFileType = wrapper.framework; includeInIndex = 0; path = Pods_AR_InfoUITests.framework; sourceTree = BUILT_PRODUCTS_DIR; };
		61F40A93F4D5FE72E31FEC10 /* Pods_AR_InfoTests.framework */ = {isa = PBXFileReference; explicitFileType = wrapper.framework; includeInIndex = 0; path = Pods_AR_InfoTests.framework; sourceTree = BUILT_PRODUCTS_DIR; };
		71368CAD1F90C71C00738CE8 /* AR-Info.app */ = {isa = PBXFileReference; explicitFileType = wrapper.application; includeInIndex = 0; path = "AR-Info.app"; sourceTree = BUILT_PRODUCTS_DIR; };
		71368CB01F90C71C00738CE8 /* AppDelegate.swift */ = {isa = PBXFileReference; lastKnownFileType = sourcecode.swift; path = AppDelegate.swift; sourceTree = "<group>"; };
		71368CB21F90C71C00738CE8 /* ViewController.swift */ = {isa = PBXFileReference; lastKnownFileType = sourcecode.swift; path = ViewController.swift; sourceTree = "<group>"; };
		71368CB51F90C71C00738CE8 /* Base */ = {isa = PBXFileReference; lastKnownFileType = file.storyboard; name = Base; path = Base.lproj/Main.storyboard; sourceTree = "<group>"; };
		71368CB71F90C71C00738CE8 /* Assets.xcassets */ = {isa = PBXFileReference; lastKnownFileType = folder.assetcatalog; path = Assets.xcassets; sourceTree = "<group>"; };
		71368CBA1F90C71C00738CE8 /* Base */ = {isa = PBXFileReference; lastKnownFileType = file.storyboard; name = Base; path = Base.lproj/LaunchScreen.storyboard; sourceTree = "<group>"; };
		71368CBC1F90C71C00738CE8 /* Info.plist */ = {isa = PBXFileReference; lastKnownFileType = text.plist.xml; path = Info.plist; sourceTree = "<group>"; };
		71368CC11F90C71C00738CE8 /* AR-InfoTests.xctest */ = {isa = PBXFileReference; explicitFileType = wrapper.cfbundle; includeInIndex = 0; path = "AR-InfoTests.xctest"; sourceTree = BUILT_PRODUCTS_DIR; };
		71368CC51F90C71D00738CE8 /* AR_InfoTests.swift */ = {isa = PBXFileReference; lastKnownFileType = sourcecode.swift; path = AR_InfoTests.swift; sourceTree = "<group>"; };
		71368CC71F90C71D00738CE8 /* Info.plist */ = {isa = PBXFileReference; lastKnownFileType = text.plist.xml; path = Info.plist; sourceTree = "<group>"; };
		71368CCC1F90C71D00738CE8 /* AR-InfoUITests.xctest */ = {isa = PBXFileReference; explicitFileType = wrapper.cfbundle; includeInIndex = 0; path = "AR-InfoUITests.xctest"; sourceTree = BUILT_PRODUCTS_DIR; };
		71368CD01F90C71D00738CE8 /* AR_InfoUITests.swift */ = {isa = PBXFileReference; lastKnownFileType = sourcecode.swift; path = AR_InfoUITests.swift; sourceTree = "<group>"; };
		71368CD21F90C71D00738CE8 /* Info.plist */ = {isa = PBXFileReference; lastKnownFileType = text.plist.xml; path = Info.plist; sourceTree = "<group>"; };
		71368CDE1F90C99000738CE8 /* AnnotationNode.swift */ = {isa = PBXFileReference; lastKnownFileType = sourcecode.swift; path = AnnotationNode.swift; sourceTree = "<group>"; };
		7172E21C1FD9887C0079DB5F /* DatabaseTableViewController.swift */ = {isa = PBXFileReference; lastKnownFileType = sourcecode.swift; path = DatabaseTableViewController.swift; sourceTree = "<group>"; };
		718D77E91F90F3E40087BF69 /* POI.swift */ = {isa = PBXFileReference; lastKnownFileType = sourcecode.swift; path = POI.swift; sourceTree = "<group>"; };
		78EC506FC563AE7CC280EAC3 /* Pods-AR-Info.debug.xcconfig */ = {isa = PBXFileReference; includeInIndex = 1; lastKnownFileType = text.xcconfig; name = "Pods-AR-Info.debug.xcconfig"; path = "Pods/Target Support Files/Pods-AR-Info/Pods-AR-Info.debug.xcconfig"; sourceTree = "<group>"; };
		922904580ED78B5766619326 /* Pods-AR-Info.release.xcconfig */ = {isa = PBXFileReference; includeInIndex = 1; lastKnownFileType = text.xcconfig; name = "Pods-AR-Info.release.xcconfig"; path = "Pods/Target Support Files/Pods-AR-Info/Pods-AR-Info.release.xcconfig"; sourceTree = "<group>"; };
		9DB1D883AA60556B2167AC5D /* Pods-AR-InfoUITests.debug.xcconfig */ = {isa = PBXFileReference; includeInIndex = 1; lastKnownFileType = text.xcconfig; name = "Pods-AR-InfoUITests.debug.xcconfig"; path = "Pods/Target Support Files/Pods-AR-InfoUITests/Pods-AR-InfoUITests.debug.xcconfig"; sourceTree = "<group>"; };
		CA4DE888C580761C2F9FD242 /* Pods_AR_Info.framework */ = {isa = PBXFileReference; explicitFileType = wrapper.framework; includeInIndex = 0; path = Pods_AR_Info.framework; sourceTree = BUILT_PRODUCTS_DIR; };
		D001F65C2211B50100768D47 /* Pods-AR-InfoUITests.release.xcconfig */ = {isa = PBXFileReference; includeInIndex = 1; lastKnownFileType = text.xcconfig; name = "Pods-AR-InfoUITests.release.xcconfig"; path = "Pods/Target Support Files/Pods-AR-InfoUITests/Pods-AR-InfoUITests.release.xcconfig"; sourceTree = "<group>"; };
/* End PBXFileReference section */

/* Begin PBXFrameworksBuildPhase section */
		71368CAA1F90C71C00738CE8 /* Frameworks */ = {
			isa = PBXFrameworksBuildPhase;
			buildActionMask = 2147483647;
			files = (
				1776A5EEB235C7C0402C062A /* Pods_AR_Info.framework in Frameworks */,
			);
			runOnlyForDeploymentPostprocessing = 0;
		};
		71368CBE1F90C71C00738CE8 /* Frameworks */ = {
			isa = PBXFrameworksBuildPhase;
			buildActionMask = 2147483647;
			files = (
				5F395CF886554EB05DCF13F5 /* Pods_AR_InfoTests.framework in Frameworks */,
			);
			runOnlyForDeploymentPostprocessing = 0;
		};
		71368CC91F90C71D00738CE8 /* Frameworks */ = {
			isa = PBXFrameworksBuildPhase;
			buildActionMask = 2147483647;
			files = (
				894556D7BF10707E6178BBC8 /* Pods_AR_InfoUITests.framework in Frameworks */,
			);
			runOnlyForDeploymentPostprocessing = 0;
		};
/* End PBXFrameworksBuildPhase section */

/* Begin PBXGroup section */
		6A4DCEE94971BF09F9264F2B /* Pods */ = {
			isa = PBXGroup;
			children = (
				78EC506FC563AE7CC280EAC3 /* Pods-AR-Info.debug.xcconfig */,
				922904580ED78B5766619326 /* Pods-AR-Info.release.xcconfig */,
				08E478D795AB868C0C9C6882 /* Pods-AR-InfoTests.debug.xcconfig */,
				42EC7EAA8E55027CD11C2B02 /* Pods-AR-InfoTests.release.xcconfig */,
				9DB1D883AA60556B2167AC5D /* Pods-AR-InfoUITests.debug.xcconfig */,
				D001F65C2211B50100768D47 /* Pods-AR-InfoUITests.release.xcconfig */,
			);
			name = Pods;
			sourceTree = "<group>";
		};
		71368CA41F90C71C00738CE8 = {
			isa = PBXGroup;
			children = (
				71368CAF1F90C71C00738CE8 /* AR-Info */,
				71368CC41F90C71D00738CE8 /* AR-InfoTests */,
				71368CCF1F90C71D00738CE8 /* AR-InfoUITests */,
				71368CAE1F90C71C00738CE8 /* Products */,
				6A4DCEE94971BF09F9264F2B /* Pods */,
				B9F06EF2C3355A9E33986ED9 /* Frameworks */,
			);
			sourceTree = "<group>";
		};
		71368CAE1F90C71C00738CE8 /* Products */ = {
			isa = PBXGroup;
			children = (
				71368CAD1F90C71C00738CE8 /* AR-Info.app */,
				71368CC11F90C71C00738CE8 /* AR-InfoTests.xctest */,
				71368CCC1F90C71D00738CE8 /* AR-InfoUITests.xctest */,
			);
			name = Products;
			sourceTree = "<group>";
		};
		71368CAF1F90C71C00738CE8 /* AR-Info */ = {
			isa = PBXGroup;
			children = (
				7172E21B1FD988640079DB5F /* Database */,
				71368CB01F90C71C00738CE8 /* AppDelegate.swift */,
				71368CB21F90C71C00738CE8 /* ViewController.swift */,
				71368CB41F90C71C00738CE8 /* Main.storyboard */,
				71368CB71F90C71C00738CE8 /* Assets.xcassets */,
				71368CB91F90C71C00738CE8 /* LaunchScreen.storyboard */,
				71368CBC1F90C71C00738CE8 /* Info.plist */,
				71368CDE1F90C99000738CE8 /* AnnotationNode.swift */,
				718D77E91F90F3E40087BF69 /* POI.swift */,
			);
			path = "AR-Info";
			sourceTree = "<group>";
		};
		71368CC41F90C71D00738CE8 /* AR-InfoTests */ = {
			isa = PBXGroup;
			children = (
				71368CC51F90C71D00738CE8 /* AR_InfoTests.swift */,
				71368CC71F90C71D00738CE8 /* Info.plist */,
			);
			path = "AR-InfoTests";
			sourceTree = "<group>";
		};
		71368CCF1F90C71D00738CE8 /* AR-InfoUITests */ = {
			isa = PBXGroup;
			children = (
				71368CD01F90C71D00738CE8 /* AR_InfoUITests.swift */,
				71368CD21F90C71D00738CE8 /* Info.plist */,
			);
			path = "AR-InfoUITests";
			sourceTree = "<group>";
		};
		7172E21B1FD988640079DB5F /* Database */ = {
			isa = PBXGroup;
			children = (
				7172E21C1FD9887C0079DB5F /* DatabaseTableViewController.swift */,
			);
			path = Database;
			sourceTree = "<group>";
		};
		B9F06EF2C3355A9E33986ED9 /* Frameworks */ = {
			isa = PBXGroup;
			children = (
				CA4DE888C580761C2F9FD242 /* Pods_AR_Info.framework */,
				61F40A93F4D5FE72E31FEC10 /* Pods_AR_InfoTests.framework */,
				52A4533B69C6D586C7865FF3 /* Pods_AR_InfoUITests.framework */,
			);
			name = Frameworks;
			sourceTree = "<group>";
		};
/* End PBXGroup section */

/* Begin PBXNativeTarget section */
		71368CAC1F90C71C00738CE8 /* AR-Info */ = {
			isa = PBXNativeTarget;
			buildConfigurationList = 71368CD51F90C71D00738CE8 /* Build configuration list for PBXNativeTarget "AR-Info" */;
			buildPhases = (
				75240A413EAE7F66D7F5D678 /* [CP] Check Pods Manifest.lock */,
				71368CA91F90C71C00738CE8 /* Sources */,
				71368CAA1F90C71C00738CE8 /* Frameworks */,
				71368CAB1F90C71C00738CE8 /* Resources */,
				7FA632A0D659212D00F12270 /* [CP] Embed Pods Frameworks */,
				218ED6333C23693BA474D1F2 /* [CP] Copy Pods Resources */,
			);
			buildRules = (
			);
			dependencies = (
			);
			name = "AR-Info";
			productName = "AR-Info";
			productReference = 71368CAD1F90C71C00738CE8 /* AR-Info.app */;
			productType = "com.apple.product-type.application";
		};
		71368CC01F90C71C00738CE8 /* AR-InfoTests */ = {
			isa = PBXNativeTarget;
			buildConfigurationList = 71368CD81F90C71D00738CE8 /* Build configuration list for PBXNativeTarget "AR-InfoTests" */;
			buildPhases = (
				9D0B8447F0146DCA19219AB1 /* [CP] Check Pods Manifest.lock */,
				71368CBD1F90C71C00738CE8 /* Sources */,
				71368CBE1F90C71C00738CE8 /* Frameworks */,
				71368CBF1F90C71C00738CE8 /* Resources */,
				F554F517A80162B0E0FF8FBD /* [CP] Embed Pods Frameworks */,
				55E35ED0C180B88A22710353 /* [CP] Copy Pods Resources */,
			);
			buildRules = (
			);
			dependencies = (
				71368CC31F90C71C00738CE8 /* PBXTargetDependency */,
			);
			name = "AR-InfoTests";
			productName = "AR-InfoTests";
			productReference = 71368CC11F90C71C00738CE8 /* AR-InfoTests.xctest */;
			productType = "com.apple.product-type.bundle.unit-test";
		};
		71368CCB1F90C71D00738CE8 /* AR-InfoUITests */ = {
			isa = PBXNativeTarget;
			buildConfigurationList = 71368CDB1F90C71D00738CE8 /* Build configuration list for PBXNativeTarget "AR-InfoUITests" */;
			buildPhases = (
				25CE8AD1F7BADD9EB08A0B98 /* [CP] Check Pods Manifest.lock */,
				71368CC81F90C71D00738CE8 /* Sources */,
				71368CC91F90C71D00738CE8 /* Frameworks */,
				71368CCA1F90C71D00738CE8 /* Resources */,
				528E19D5F7F675E0CFB11EDB /* [CP] Embed Pods Frameworks */,
				821B9C59E20E8CA9DA5E952E /* [CP] Copy Pods Resources */,
			);
			buildRules = (
			);
			dependencies = (
				71368CCE1F90C71D00738CE8 /* PBXTargetDependency */,
			);
			name = "AR-InfoUITests";
			productName = "AR-InfoUITests";
			productReference = 71368CCC1F90C71D00738CE8 /* AR-InfoUITests.xctest */;
			productType = "com.apple.product-type.bundle.ui-testing";
		};
/* End PBXNativeTarget section */

/* Begin PBXProject section */
		71368CA51F90C71C00738CE8 /* Project object */ = {
			isa = PBXProject;
			attributes = {
				LastSwiftUpdateCheck = 0900;
				LastUpgradeCheck = 0900;
				ORGANIZATIONNAME = "Antoine Engelen";
				TargetAttributes = {
					71368CAC1F90C71C00738CE8 = {
						CreatedOnToolsVersion = 9.0;
						ProvisioningStyle = Automatic;
					};
					71368CC01F90C71C00738CE8 = {
						CreatedOnToolsVersion = 9.0;
						ProvisioningStyle = Automatic;
						TestTargetID = 71368CAC1F90C71C00738CE8;
					};
					71368CCB1F90C71D00738CE8 = {
						CreatedOnToolsVersion = 9.0;
						ProvisioningStyle = Automatic;
						TestTargetID = 71368CAC1F90C71C00738CE8;
					};
				};
			};
			buildConfigurationList = 71368CA81F90C71C00738CE8 /* Build configuration list for PBXProject "AR-Info" */;
			compatibilityVersion = "Xcode 8.0";
			developmentRegion = en;
			hasScannedForEncodings = 0;
			knownRegions = (
				en,
				Base,
			);
			mainGroup = 71368CA41F90C71C00738CE8;
			productRefGroup = 71368CAE1F90C71C00738CE8 /* Products */;
			projectDirPath = "";
			projectRoot = "";
			targets = (
				71368CAC1F90C71C00738CE8 /* AR-Info */,
				71368CC01F90C71C00738CE8 /* AR-InfoTests */,
				71368CCB1F90C71D00738CE8 /* AR-InfoUITests */,
			);
		};
/* End PBXProject section */

/* Begin PBXResourcesBuildPhase section */
		71368CAB1F90C71C00738CE8 /* Resources */ = {
			isa = PBXResourcesBuildPhase;
			buildActionMask = 2147483647;
			files = (
				71368CBB1F90C71C00738CE8 /* LaunchScreen.storyboard in Resources */,
				71368CB81F90C71C00738CE8 /* Assets.xcassets in Resources */,
				71368CB61F90C71C00738CE8 /* Main.storyboard in Resources */,
			);
			runOnlyForDeploymentPostprocessing = 0;
		};
		71368CBF1F90C71C00738CE8 /* Resources */ = {
			isa = PBXResourcesBuildPhase;
			buildActionMask = 2147483647;
			files = (
			);
			runOnlyForDeploymentPostprocessing = 0;
		};
		71368CCA1F90C71D00738CE8 /* Resources */ = {
			isa = PBXResourcesBuildPhase;
			buildActionMask = 2147483647;
			files = (
			);
			runOnlyForDeploymentPostprocessing = 0;
		};
/* End PBXResourcesBuildPhase section */

/* Begin PBXShellScriptBuildPhase section */
		218ED6333C23693BA474D1F2 /* [CP] Copy Pods Resources */ = {
			isa = PBXShellScriptBuildPhase;
			buildActionMask = 2147483647;
			files = (
			);
			inputPaths = (
			);
			name = "[CP] Copy Pods Resources";
			outputPaths = (
			);
			runOnlyForDeploymentPostprocessing = 0;
			shellPath = /bin/sh;
			shellScript = "\"${SRCROOT}/Pods/Target Support Files/Pods-AR-Info/Pods-AR-Info-resources.sh\"\n";
			showEnvVarsInLog = 0;
		};
		25CE8AD1F7BADD9EB08A0B98 /* [CP] Check Pods Manifest.lock */ = {
			isa = PBXShellScriptBuildPhase;
			buildActionMask = 2147483647;
			files = (
			);
			inputPaths = (
				"${PODS_PODFILE_DIR_PATH}/Podfile.lock",
				"${PODS_ROOT}/Manifest.lock",
			);
			name = "[CP] Check Pods Manifest.lock";
			outputPaths = (
				"$(DERIVED_FILE_DIR)/Pods-AR-InfoUITests-checkManifestLockResult.txt",
			);
			runOnlyForDeploymentPostprocessing = 0;
			shellPath = /bin/sh;
			shellScript = "diff \"${PODS_PODFILE_DIR_PATH}/Podfile.lock\" \"${PODS_ROOT}/Manifest.lock\" > /dev/null\nif [ $? != 0 ] ; then\n    # print error to STDERR\n    echo \"error: The sandbox is not in sync with the Podfile.lock. Run 'pod install' or update your CocoaPods installation.\" >&2\n    exit 1\nfi\n# This output is used by Xcode 'outputs' to avoid re-running this script phase.\necho \"SUCCESS\" > \"${SCRIPT_OUTPUT_FILE_0}\"\n";
			showEnvVarsInLog = 0;
		};
		528E19D5F7F675E0CFB11EDB /* [CP] Embed Pods Frameworks */ = {
			isa = PBXShellScriptBuildPhase;
			buildActionMask = 2147483647;
			files = (
			);
			inputPaths = (
			);
			name = "[CP] Embed Pods Frameworks";
			outputPaths = (
			);
			runOnlyForDeploymentPostprocessing = 0;
			shellPath = /bin/sh;
			shellScript = "\"${SRCROOT}/Pods/Target Support Files/Pods-AR-InfoUITests/Pods-AR-InfoUITests-frameworks.sh\"\n";
			showEnvVarsInLog = 0;
		};
		55E35ED0C180B88A22710353 /* [CP] Copy Pods Resources */ = {
			isa = PBXShellScriptBuildPhase;
			buildActionMask = 2147483647;
			files = (
			);
			inputPaths = (
			);
			name = "[CP] Copy Pods Resources";
			outputPaths = (
			);
			runOnlyForDeploymentPostprocessing = 0;
			shellPath = /bin/sh;
			shellScript = "\"${SRCROOT}/Pods/Target Support Files/Pods-AR-InfoTests/Pods-AR-InfoTests-resources.sh\"\n";
			showEnvVarsInLog = 0;
		};
		75240A413EAE7F66D7F5D678 /* [CP] Check Pods Manifest.lock */ = {
			isa = PBXShellScriptBuildPhase;
			buildActionMask = 2147483647;
			files = (
			);
			inputPaths = (
				"${PODS_PODFILE_DIR_PATH}/Podfile.lock",
				"${PODS_ROOT}/Manifest.lock",
			);
			name = "[CP] Check Pods Manifest.lock";
			outputPaths = (
				"$(DERIVED_FILE_DIR)/Pods-AR-Info-checkManifestLockResult.txt",
			);
			runOnlyForDeploymentPostprocessing = 0;
			shellPath = /bin/sh;
			shellScript = "diff \"${PODS_PODFILE_DIR_PATH}/Podfile.lock\" \"${PODS_ROOT}/Manifest.lock\" > /dev/null\nif [ $? != 0 ] ; then\n    # print error to STDERR\n    echo \"error: The sandbox is not in sync with the Podfile.lock. Run 'pod install' or update your CocoaPods installation.\" >&2\n    exit 1\nfi\n# This output is used by Xcode 'outputs' to avoid re-running this script phase.\necho \"SUCCESS\" > \"${SCRIPT_OUTPUT_FILE_0}\"\n";
			showEnvVarsInLog = 0;
		};
		7FA632A0D659212D00F12270 /* [CP] Embed Pods Frameworks */ = {
			isa = PBXShellScriptBuildPhase;
			buildActionMask = 2147483647;
			files = (
			);
			inputPaths = (
				"${SRCROOT}/Pods/Target Support Files/Pods-AR-Info/Pods-AR-Info-frameworks.sh",
				"${BUILT_PRODUCTS_DIR}/ARCL/ARCL.framework",
				"${BUILT_PRODUCTS_DIR}/Eureka/Eureka.framework",
			);
			name = "[CP] Embed Pods Frameworks";
			outputPaths = (
				"${TARGET_BUILD_DIR}/${FRAMEWORKS_FOLDER_PATH}/ARCL.framework",
				"${TARGET_BUILD_DIR}/${FRAMEWORKS_FOLDER_PATH}/Eureka.framework",
			);
			runOnlyForDeploymentPostprocessing = 0;
			shellPath = /bin/sh;
			shellScript = "\"${SRCROOT}/Pods/Target Support Files/Pods-AR-Info/Pods-AR-Info-frameworks.sh\"\n";
			showEnvVarsInLog = 0;
		};
		821B9C59E20E8CA9DA5E952E /* [CP] Copy Pods Resources */ = {
			isa = PBXShellScriptBuildPhase;
			buildActionMask = 2147483647;
			files = (
			);
			inputPaths = (
			);
			name = "[CP] Copy Pods Resources";
			outputPaths = (
			);
			runOnlyForDeploymentPostprocessing = 0;
			shellPath = /bin/sh;
			shellScript = "\"${SRCROOT}/Pods/Target Support Files/Pods-AR-InfoUITests/Pods-AR-InfoUITests-resources.sh\"\n";
			showEnvVarsInLog = 0;
		};
		9D0B8447F0146DCA19219AB1 /* [CP] Check Pods Manifest.lock */ = {
			isa = PBXShellScriptBuildPhase;
			buildActionMask = 2147483647;
			files = (
			);
			inputPaths = (
				"${PODS_PODFILE_DIR_PATH}/Podfile.lock",
				"${PODS_ROOT}/Manifest.lock",
			);
			name = "[CP] Check Pods Manifest.lock";
			outputPaths = (
				"$(DERIVED_FILE_DIR)/Pods-AR-InfoTests-checkManifestLockResult.txt",
			);
			runOnlyForDeploymentPostprocessing = 0;
			shellPath = /bin/sh;
			shellScript = "diff \"${PODS_PODFILE_DIR_PATH}/Podfile.lock\" \"${PODS_ROOT}/Manifest.lock\" > /dev/null\nif [ $? != 0 ] ; then\n    # print error to STDERR\n    echo \"error: The sandbox is not in sync with the Podfile.lock. Run 'pod install' or update your CocoaPods installation.\" >&2\n    exit 1\nfi\n# This output is used by Xcode 'outputs' to avoid re-running this script phase.\necho \"SUCCESS\" > \"${SCRIPT_OUTPUT_FILE_0}\"\n";
			showEnvVarsInLog = 0;
		};
		F554F517A80162B0E0FF8FBD /* [CP] Embed Pods Frameworks */ = {
			isa = PBXShellScriptBuildPhase;
			buildActionMask = 2147483647;
			files = (
			);
			inputPaths = (
			);
			name = "[CP] Embed Pods Frameworks";
			outputPaths = (
			);
			runOnlyForDeploymentPostprocessing = 0;
			shellPath = /bin/sh;
			shellScript = "\"${SRCROOT}/Pods/Target Support Files/Pods-AR-InfoTests/Pods-AR-InfoTests-frameworks.sh\"\n";
			showEnvVarsInLog = 0;
		};
/* End PBXShellScriptBuildPhase section */

/* Begin PBXSourcesBuildPhase section */
		71368CA91F90C71C00738CE8 /* Sources */ = {
			isa = PBXSourcesBuildPhase;
			buildActionMask = 2147483647;
			files = (
				718D77EA1F90F3E40087BF69 /* POI.swift in Sources */,
				71368CB31F90C71C00738CE8 /* ViewController.swift in Sources */,
				71368CDF1F90C99000738CE8 /* AnnotationNode.swift in Sources */,
				7172E21D1FD9887C0079DB5F /* DatabaseTableViewController.swift in Sources */,
				71368CB11F90C71C00738CE8 /* AppDelegate.swift in Sources */,
			);
			runOnlyForDeploymentPostprocessing = 0;
		};
		71368CBD1F90C71C00738CE8 /* Sources */ = {
			isa = PBXSourcesBuildPhase;
			buildActionMask = 2147483647;
			files = (
				71368CC61F90C71D00738CE8 /* AR_InfoTests.swift in Sources */,
			);
			runOnlyForDeploymentPostprocessing = 0;
		};
		71368CC81F90C71D00738CE8 /* Sources */ = {
			isa = PBXSourcesBuildPhase;
			buildActionMask = 2147483647;
			files = (
				71368CD11F90C71D00738CE8 /* AR_InfoUITests.swift in Sources */,
			);
			runOnlyForDeploymentPostprocessing = 0;
		};
/* End PBXSourcesBuildPhase section */

/* Begin PBXTargetDependency section */
		71368CC31F90C71C00738CE8 /* PBXTargetDependency */ = {
			isa = PBXTargetDependency;
			target = 71368CAC1F90C71C00738CE8 /* AR-Info */;
			targetProxy = 71368CC21F90C71C00738CE8 /* PBXContainerItemProxy */;
		};
		71368CCE1F90C71D00738CE8 /* PBXTargetDependency */ = {
			isa = PBXTargetDependency;
			target = 71368CAC1F90C71C00738CE8 /* AR-Info */;
			targetProxy = 71368CCD1F90C71D00738CE8 /* PBXContainerItemProxy */;
		};
/* End PBXTargetDependency section */

/* Begin PBXVariantGroup section */
		71368CB41F90C71C00738CE8 /* Main.storyboard */ = {
			isa = PBXVariantGroup;
			children = (
				71368CB51F90C71C00738CE8 /* Base */,
			);
			name = Main.storyboard;
			sourceTree = "<group>";
		};
		71368CB91F90C71C00738CE8 /* LaunchScreen.storyboard */ = {
			isa = PBXVariantGroup;
			children = (
				71368CBA1F90C71C00738CE8 /* Base */,
			);
			name = LaunchScreen.storyboard;
			sourceTree = "<group>";
		};
/* End PBXVariantGroup section */

/* Begin XCBuildConfiguration section */
		71368CD31F90C71D00738CE8 /* Debug */ = {
			isa = XCBuildConfiguration;
			buildSettings = {
				ALWAYS_SEARCH_USER_PATHS = NO;
				CLANG_ANALYZER_NONNULL = YES;
				CLANG_ANALYZER_NUMBER_OBJECT_CONVERSION = YES_AGGRESSIVE;
				CLANG_CXX_LANGUAGE_STANDARD = "gnu++14";
				CLANG_CXX_LIBRARY = "libc++";
				CLANG_ENABLE_MODULES = YES;
				CLANG_ENABLE_OBJC_ARC = YES;
				CLANG_WARN_BLOCK_CAPTURE_AUTORELEASING = YES;
				CLANG_WARN_BOOL_CONVERSION = YES;
				CLANG_WARN_COMMA = YES;
				CLANG_WARN_CONSTANT_CONVERSION = YES;
				CLANG_WARN_DIRECT_OBJC_ISA_USAGE = YES_ERROR;
				CLANG_WARN_DOCUMENTATION_COMMENTS = YES;
				CLANG_WARN_EMPTY_BODY = YES;
				CLANG_WARN_ENUM_CONVERSION = YES;
				CLANG_WARN_INFINITE_RECURSION = YES;
				CLANG_WARN_INT_CONVERSION = YES;
				CLANG_WARN_NON_LITERAL_NULL_CONVERSION = YES;
				CLANG_WARN_OBJC_LITERAL_CONVERSION = YES;
				CLANG_WARN_OBJC_ROOT_CLASS = YES_ERROR;
				CLANG_WARN_RANGE_LOOP_ANALYSIS = YES;
				CLANG_WARN_STRICT_PROTOTYPES = YES;
				CLANG_WARN_SUSPICIOUS_MOVE = YES;
				CLANG_WARN_UNGUARDED_AVAILABILITY = YES_AGGRESSIVE;
				CLANG_WARN_UNREACHABLE_CODE = YES;
				CLANG_WARN__DUPLICATE_METHOD_MATCH = YES;
				CODE_SIGN_IDENTITY = "iPhone Developer";
				COPY_PHASE_STRIP = NO;
				DEBUG_INFORMATION_FORMAT = dwarf;
				ENABLE_STRICT_OBJC_MSGSEND = YES;
				ENABLE_TESTABILITY = YES;
				GCC_C_LANGUAGE_STANDARD = gnu11;
				GCC_DYNAMIC_NO_PIC = NO;
				GCC_NO_COMMON_BLOCKS = YES;
				GCC_OPTIMIZATION_LEVEL = 0;
				GCC_PREPROCESSOR_DEFINITIONS = (
					"DEBUG=1",
					"$(inherited)",
				);
				GCC_WARN_64_TO_32_BIT_CONVERSION = YES;
				GCC_WARN_ABOUT_RETURN_TYPE = YES_ERROR;
				GCC_WARN_UNDECLARED_SELECTOR = YES;
				GCC_WARN_UNINITIALIZED_AUTOS = YES_AGGRESSIVE;
				GCC_WARN_UNUSED_FUNCTION = YES;
				GCC_WARN_UNUSED_VARIABLE = YES;
				IPHONEOS_DEPLOYMENT_TARGET = 11.0;
				MTL_ENABLE_DEBUG_INFO = YES;
				ONLY_ACTIVE_ARCH = YES;
				SDKROOT = iphoneos;
				SWIFT_ACTIVE_COMPILATION_CONDITIONS = DEBUG;
				SWIFT_OPTIMIZATION_LEVEL = "-Onone";
			};
			name = Debug;
		};
		71368CD41F90C71D00738CE8 /* Release */ = {
			isa = XCBuildConfiguration;
			buildSettings = {
				ALWAYS_SEARCH_USER_PATHS = NO;
				CLANG_ANALYZER_NONNULL = YES;
				CLANG_ANALYZER_NUMBER_OBJECT_CONVERSION = YES_AGGRESSIVE;
				CLANG_CXX_LANGUAGE_STANDARD = "gnu++14";
				CLANG_CXX_LIBRARY = "libc++";
				CLANG_ENABLE_MODULES = YES;
				CLANG_ENABLE_OBJC_ARC = YES;
				CLANG_WARN_BLOCK_CAPTURE_AUTORELEASING = YES;
				CLANG_WARN_BOOL_CONVERSION = YES;
				CLANG_WARN_COMMA = YES;
				CLANG_WARN_CONSTANT_CONVERSION = YES;
				CLANG_WARN_DIRECT_OBJC_ISA_USAGE = YES_ERROR;
				CLANG_WARN_DOCUMENTATION_COMMENTS = YES;
				CLANG_WARN_EMPTY_BODY = YES;
				CLANG_WARN_ENUM_CONVERSION = YES;
				CLANG_WARN_INFINITE_RECURSION = YES;
				CLANG_WARN_INT_CONVERSION = YES;
				CLANG_WARN_NON_LITERAL_NULL_CONVERSION = YES;
				CLANG_WARN_OBJC_LITERAL_CONVERSION = YES;
				CLANG_WARN_OBJC_ROOT_CLASS = YES_ERROR;
				CLANG_WARN_RANGE_LOOP_ANALYSIS = YES;
				CLANG_WARN_STRICT_PROTOTYPES = YES;
				CLANG_WARN_SUSPICIOUS_MOVE = YES;
				CLANG_WARN_UNGUARDED_AVAILABILITY = YES_AGGRESSIVE;
				CLANG_WARN_UNREACHABLE_CODE = YES;
				CLANG_WARN__DUPLICATE_METHOD_MATCH = YES;
				CODE_SIGN_IDENTITY = "iPhone Developer";
				COPY_PHASE_STRIP = NO;
				DEBUG_INFORMATION_FORMAT = "dwarf-with-dsym";
				ENABLE_NS_ASSERTIONS = NO;
				ENABLE_STRICT_OBJC_MSGSEND = YES;
				GCC_C_LANGUAGE_STANDARD = gnu11;
				GCC_NO_COMMON_BLOCKS = YES;
				GCC_WARN_64_TO_32_BIT_CONVERSION = YES;
				GCC_WARN_ABOUT_RETURN_TYPE = YES_ERROR;
				GCC_WARN_UNDECLARED_SELECTOR = YES;
				GCC_WARN_UNINITIALIZED_AUTOS = YES_AGGRESSIVE;
				GCC_WARN_UNUSED_FUNCTION = YES;
				GCC_WARN_UNUSED_VARIABLE = YES;
				IPHONEOS_DEPLOYMENT_TARGET = 11.0;
				MTL_ENABLE_DEBUG_INFO = NO;
				SDKROOT = iphoneos;
				SWIFT_OPTIMIZATION_LEVEL = "-Owholemodule";
				VALIDATE_PRODUCT = YES;
			};
			name = Release;
		};
		71368CD61F90C71D00738CE8 /* Debug */ = {
			isa = XCBuildConfiguration;
			baseConfigurationReference = 78EC506FC563AE7CC280EAC3 /* Pods-AR-Info.debug.xcconfig */;
			buildSettings = {
				ASSETCATALOG_COMPILER_APPICON_NAME = AppIcon;
				CODE_SIGN_STYLE = Automatic;
				DEVELOPMENT_TEAM = 6BSBW655NT;
				INFOPLIST_FILE = "AR-Info/Info.plist";
				IPHONEOS_DEPLOYMENT_TARGET = 11.2;
				LD_RUNPATH_SEARCH_PATHS = "$(inherited) @executable_path/Frameworks";
				PRODUCT_BUNDLE_IDENTIFIER = "antoine.engelen.AR-Info";
				PRODUCT_NAME = "$(TARGET_NAME)";
				SWIFT_VERSION = 4.0;
				TARGETED_DEVICE_FAMILY = "1,2";
			};
			name = Debug;
		};
		71368CD71F90C71D00738CE8 /* Release */ = {
			isa = XCBuildConfiguration;
			baseConfigurationReference = 922904580ED78B5766619326 /* Pods-AR-Info.release.xcconfig */;
			buildSettings = {
				ASSETCATALOG_COMPILER_APPICON_NAME = AppIcon;
				CODE_SIGN_STYLE = Automatic;
				DEVELOPMENT_TEAM = 6BSBW655NT;
				INFOPLIST_FILE = "AR-Info/Info.plist";
				IPHONEOS_DEPLOYMENT_TARGET = 11.2;
				LD_RUNPATH_SEARCH_PATHS = "$(inherited) @executable_path/Frameworks";
				PRODUCT_BUNDLE_IDENTIFIER = "antoine.engelen.AR-Info";
				PRODUCT_NAME = "$(TARGET_NAME)";
				SWIFT_VERSION = 4.0;
				TARGETED_DEVICE_FAMILY = "1,2";
			};
			name = Release;
		};
		71368CD91F90C71D00738CE8 /* Debug */ = {
			isa = XCBuildConfiguration;
			baseConfigurationReference = 08E478D795AB868C0C9C6882 /* Pods-AR-InfoTests.debug.xcconfig */;
			buildSettings = {
				ALWAYS_EMBED_SWIFT_STANDARD_LIBRARIES = YES;
				BUNDLE_LOADER = "$(TEST_HOST)";
				CODE_SIGN_STYLE = Automatic;
				INFOPLIST_FILE = "AR-InfoTests/Info.plist";
				LD_RUNPATH_SEARCH_PATHS = "$(inherited) @executable_path/Frameworks @loader_path/Frameworks";
				PRODUCT_BUNDLE_IDENTIFIER = "antoine.engelen.AR-InfoTests";
				PRODUCT_NAME = "$(TARGET_NAME)";
				SWIFT_VERSION = 4.0;
				TARGETED_DEVICE_FAMILY = "1,2";
				TEST_HOST = "$(BUILT_PRODUCTS_DIR)/AR-Info.app/AR-Info";
			};
			name = Debug;
		};
		71368CDA1F90C71D00738CE8 /* Release */ = {
			isa = XCBuildConfiguration;
			baseConfigurationReference = 42EC7EAA8E55027CD11C2B02 /* Pods-AR-InfoTests.release.xcconfig */;
			buildSettings = {
				ALWAYS_EMBED_SWIFT_STANDARD_LIBRARIES = YES;
				BUNDLE_LOADER = "$(TEST_HOST)";
				CODE_SIGN_STYLE = Automatic;
				INFOPLIST_FILE = "AR-InfoTests/Info.plist";
				LD_RUNPATH_SEARCH_PATHS = "$(inherited) @executable_path/Frameworks @loader_path/Frameworks";
				PRODUCT_BUNDLE_IDENTIFIER = "antoine.engelen.AR-InfoTests";
				PRODUCT_NAME = "$(TARGET_NAME)";
				SWIFT_VERSION = 4.0;
				TARGETED_DEVICE_FAMILY = "1,2";
				TEST_HOST = "$(BUILT_PRODUCTS_DIR)/AR-Info.app/AR-Info";
			};
			name = Release;
		};
		71368CDC1F90C71D00738CE8 /* Debug */ = {
			isa = XCBuildConfiguration;
			baseConfigurationReference = 9DB1D883AA60556B2167AC5D /* Pods-AR-InfoUITests.debug.xcconfig */;
			buildSettings = {
				ALWAYS_EMBED_SWIFT_STANDARD_LIBRARIES = YES;
				CODE_SIGN_STYLE = Automatic;
				INFOPLIST_FILE = "AR-InfoUITests/Info.plist";
				LD_RUNPATH_SEARCH_PATHS = "$(inherited) @executable_path/Frameworks @loader_path/Frameworks";
				PRODUCT_BUNDLE_IDENTIFIER = "antoine.engelen.AR-InfoUITests";
				PRODUCT_NAME = "$(TARGET_NAME)";
				SWIFT_VERSION = 4.0;
				TARGETED_DEVICE_FAMILY = "1,2";
				TEST_TARGET_NAME = "AR-Info";
			};
			name = Debug;
		};
		71368CDD1F90C71D00738CE8 /* Release */ = {
			isa = XCBuildConfiguration;
			baseConfigurationReference = D001F65C2211B50100768D47 /* Pods-AR-InfoUITests.release.xcconfig */;
			buildSettings = {
				ALWAYS_EMBED_SWIFT_STANDARD_LIBRARIES = YES;
				CODE_SIGN_STYLE = Automatic;
				INFOPLIST_FILE = "AR-InfoUITests/Info.plist";
				LD_RUNPATH_SEARCH_PATHS = "$(inherited) @executable_path/Frameworks @loader_path/Frameworks";
				PRODUCT_BUNDLE_IDENTIFIER = "antoine.engelen.AR-InfoUITests";
				PRODUCT_NAME = "$(TARGET_NAME)";
				SWIFT_VERSION = 4.0;
				TARGETED_DEVICE_FAMILY = "1,2";
				TEST_TARGET_NAME = "AR-Info";
			};
			name = Release;
		};
/* End XCBuildConfiguration section */

/* Begin XCConfigurationList section */
		71368CA81F90C71C00738CE8 /* Build configuration list for PBXProject "AR-Info" */ = {
			isa = XCConfigurationList;
			buildConfigurations = (
				71368CD31F90C71D00738CE8 /* Debug */,
				71368CD41F90C71D00738CE8 /* Release */,
			);
			defaultConfigurationIsVisible = 0;
			defaultConfigurationName = Release;
		};
		71368CD51F90C71D00738CE8 /* Build configuration list for PBXNativeTarget "AR-Info" */ = {
			isa = XCConfigurationList;
			buildConfigurations = (
				71368CD61F90C71D00738CE8 /* Debug */,
				71368CD71F90C71D00738CE8 /* Release */,
			);
			defaultConfigurationIsVisible = 0;
			defaultConfigurationName = Release;
		};
		71368CD81F90C71D00738CE8 /* Build configuration list for PBXNativeTarget "AR-InfoTests" */ = {
			isa = XCConfigurationList;
			buildConfigurations = (
				71368CD91F90C71D00738CE8 /* Debug */,
				71368CDA1F90C71D00738CE8 /* Release */,
			);
			defaultConfigurationIsVisible = 0;
			defaultConfigurationName = Release;
		};
		71368CDB1F90C71D00738CE8 /* Build configuration list for PBXNativeTarget "AR-InfoUITests" */ = {
			isa = XCConfigurationList;
			buildConfigurations = (
				71368CDC1F90C71D00738CE8 /* Debug */,
				71368CDD1F90C71D00738CE8 /* Release */,
			);
			defaultConfigurationIsVisible = 0;
			defaultConfigurationName = Release;
		};
/* End XCConfigurationList section */
	};
	rootObject = 71368CA51F90C71C00738CE8 /* Project object */;
}
